
Microsoft Visual Studio Solution File, Format Version 12.00
# Visual Studio Version 17
VisualStudioVersion = 17.5.002.0
MinimumVisualStudioVersion = 10.0.40219.1
Project("{9A19103F-16F7-4668-BE54-9A1E7A4F7556}") = "GameOnlineServer", "GameOnlineServer.csproj", "{DD2EA545-7C06-4A80-AE54-259AF405E66C}"
EndProject
Project("{FAE04EC0-301F-11D3-BF4B-00C04F79EFBC}") = "GameDatabase", "GameDatabase\GameDatabase.csproj", "{EA8F24D7-66FE-431D-B73C-98B6CCEF2E4D}"
EndProject
Global
	GlobalSection(SolutionConfigurationPlatforms) = preSolution
		Debug|Any CPU = Debug|Any CPU
		Release|Any CPU = Release|Any CPU
	EndGlobalSection
	GlobalSection(ProjectConfigurationPlatforms) = postSolution
		{DD2EA545-7C06-4A80-AE54-259AF405E66C}.Debug|Any CPU.ActiveCfg = Debug|Any CPU
		{DD2EA545-7C06-4A80-AE54-259AF405E66C}.Debug|Any CPU.Build.0 = Debug|Any CPU
		{DD2EA545-7C06-4A80-AE54-259AF405E66C}.Release|Any CPU.ActiveCfg = Release|Any CPU
		{DD2EA545-7C06-4A80-AE54-259AF405E66C}.Release|Any CPU.Build.0 = Release|Any CPU
		{EA8F24D7-66FE-431D-B73C-98B6CCEF2E4D}.Debug|Any CPU.ActiveCfg = Debug|Any CPU
		{EA8F24D7-66FE-431D-B73C-98B6CCEF2E4D}.Debug|Any CPU.Build.0 = Debug|Any CPU
		{EA8F24D7-66FE-431D-B73C-98B6CCEF2E4D}.Release|Any CPU.ActiveCfg = Release|Any CPU
		{EA8F24D7-66FE-431D-B73C-98B6CCEF2E4D}.Release|Any CPU.Build.0 = Release|Any CPU
	EndGlobalSection
	GlobalSection(SolutionProperties) = preSolution
		HideSolutionNode = FALSE
	EndGlobalSection
	GlobalSection(ExtensibilityGlobals) = postSolution
		SolutionGuid = {A5E78020-4D47-4353-BFE4-9E77E69CB64C}
	EndGlobalSection
EndGlobal
